version = 1
revision = 1
requires-python = ">=3.12"

[[package]]
name = "duplicate-finder"
version = "0.1.0"
source = { virtual = "." }
dependencies = [
    { name = "humanize" },
]

[package.metadata]
requires-dist = [{ name = "humanize", specifier = ">=4.12.2" }]

[[package]]
name = "humanize"
version = "4.12.2"
source = { registry = "https://pypi.org/simple" }
sdist = { url = "https://files.pythonhosted.org/packages/e0/84/ae8e64a6ffe3291105e9688f4e28fa65eba7924e0fe6053d85ca00556385/humanize-4.12.2.tar.gz", hash = "sha256:ce0715740e9caacc982bb89098182cf8ded3552693a433311c6a4ce6f4e12a2c", size = 80871 }
wheels = [
    { url = "https://files.pythonhosted.org/packages/55/c7/6f89082f619c76165feb633446bd0fee32b0e0cbad00d22480e5aea26ade/humanize-4.12.2-py3-none-any.whl", hash = "sha256:e4e44dced598b7e03487f3b1c6fd5b1146c30ea55a110e71d5d4bca3e094259e", size = 128305 },
]
